
Microsoft Visual Studio Solution File, Format Version 12.00
# Visual Studio Version 17
VisualStudioVersion = 17.13.35931.197 d17.13
MinimumVisualStudioVersion = 10.0.40219.1
Project("{FAE04EC0-301F-11D3-BF4B-00C04F79EFBC}") = "FlightRegistration.Core", "FlightRegistration.Core\FlightRegistration.Core.csproj", "{6CBF4E13-909C-4990-B852-7F4BA550DFE8}"
EndProject
Project("{FAE04EC0-301F-11D3-BF4B-00C04F79EFBC}") = "FlightRegistration.Services", "FlightRegistration.Services\FlightRegistration.Services.csproj", "{18E44A08-911C-4B84-ADAD-B518DF734896}"
EndProject
Project("{FAE04EC0-301F-11D3-BF4B-00C04F79EFBC}") = "FlightRegistration.Server", "FlightRegistration.Server\FlightRegistration.Server.csproj", "{7CC35B12-52B4-4E18-8C32-5953575174D8}"
EndProject
Project("{FAE04EC0-301F-11D3-BF4B-00C04F79EFBC}") = "FlightRegistration.WinFormsClient", "FlightRegistration.WinFormsClient\FlightRegistration.WinFormsClient.csproj", "{934B4EFD-3F82-495F-95AF-E62A060C647D}"
EndProject
Project("{FAE04EC0-301F-11D3-BF4B-00C04F79EFBC}") = "FlightRegistration.BlazorDisplay", "FlightRegistration.BlazorDisplay\FlightRegistration.BlazorDisplay.csproj", "{370B093E-3E5B-45DB-B673-27A36AB9470C}"
EndProject
Global
	GlobalSection(SolutionConfigurationPlatforms) = preSolution
		Debug|Any CPU = Debug|Any CPU
		Release|Any CPU = Release|Any CPU
	EndGlobalSection
	GlobalSection(ProjectConfigurationPlatforms) = postSolution
		{6CBF4E13-909C-4990-B852-7F4BA550DFE8}.Debug|Any CPU.ActiveCfg = Debug|Any CPU
		{6CBF4E13-909C-4990-B852-7F4BA550DFE8}.Debug|Any CPU.Build.0 = Debug|Any CPU
		{6CBF4E13-909C-4990-B852-7F4BA550DFE8}.Release|Any CPU.ActiveCfg = Release|Any CPU
		{6CBF4E13-909C-4990-B852-7F4BA550DFE8}.Release|Any CPU.Build.0 = Release|Any CPU
		{18E44A08-911C-4B84-ADAD-B518DF734896}.Debug|Any CPU.ActiveCfg = Debug|Any CPU
		{18E44A08-911C-4B84-ADAD-B518DF734896}.Debug|Any CPU.Build.0 = Debug|Any CPU
		{18E44A08-911C-4B84-ADAD-B518DF734896}.Release|Any CPU.ActiveCfg = Release|Any CPU
		{18E44A08-911C-4B84-ADAD-B518DF734896}.Release|Any CPU.Build.0 = Release|Any CPU
		{7CC35B12-52B4-4E18-8C32-5953575174D8}.Debug|Any CPU.ActiveCfg = Debug|Any CPU
		{7CC35B12-52B4-4E18-8C32-5953575174D8}.Debug|Any CPU.Build.0 = Debug|Any CPU
		{7CC35B12-52B4-4E18-8C32-5953575174D8}.Release|Any CPU.ActiveCfg = Release|Any CPU
		{7CC35B12-52B4-4E18-8C32-5953575174D8}.Release|Any CPU.Build.0 = Release|Any CPU
		{934B4EFD-3F82-495F-95AF-E62A060C647D}.Debug|Any CPU.ActiveCfg = Debug|Any CPU
		{934B4EFD-3F82-495F-95AF-E62A060C647D}.Debug|Any CPU.Build.0 = Debug|Any CPU
		{934B4EFD-3F82-495F-95AF-E62A060C647D}.Release|Any CPU.ActiveCfg = Release|Any CPU
		{934B4EFD-3F82-495F-95AF-E62A060C647D}.Release|Any CPU.Build.0 = Release|Any CPU
		{370B093E-3E5B-45DB-B673-27A36AB9470C}.Debug|Any CPU.ActiveCfg = Debug|Any CPU
		{370B093E-3E5B-45DB-B673-27A36AB9470C}.Debug|Any CPU.Build.0 = Debug|Any CPU
		{370B093E-3E5B-45DB-B673-27A36AB9470C}.Release|Any CPU.ActiveCfg = Release|Any CPU
		{370B093E-3E5B-45DB-B673-27A36AB9470C}.Release|Any CPU.Build.0 = Release|Any CPU
	EndGlobalSection
	GlobalSection(SolutionProperties) = preSolution
		HideSolutionNode = FALSE
	EndGlobalSection
	GlobalSection(ExtensibilityGlobals) = postSolution
		SolutionGuid = {82A2AD44-755F-4AB3-93B5-A8BD1BACDB7C}
	EndGlobalSection
EndGlobal
